// !$*UTF8*$!
{
	archiveVersion = 1;
	classes = {
	};
	objectVersion = 56;
	objects = {

/* Begin PBXBuildFile section */
		0911C28C2AB5C4C20031E9DF /* SecondLevelFolderViewController.swift in Sources */ = {isa = PBXBuildFile; fileRef = 0911C28B2AB5C4C20031E9DF /* SecondLevelFolderViewController.swift */; };
		091379A42AB9940800DAC266 /* SettingsViewController.swift in Sources */ = {isa = PBXBuildFile; fileRef = 091379A32AB9940800DAC266 /* SettingsViewController.swift */; };
		091379A62AB9967F00DAC266 /* Settings.swift in Sources */ = {isa = PBXBuildFile; fileRef = 091379A52AB9967F00DAC266 /* Settings.swift */; };
		093375C32AB835D9001639F4 /* AuthorizationViewController.swift in Sources */ = {isa = PBXBuildFile; fileRef = 093375C22AB835D9001639F4 /* AuthorizationViewController.swift */; };
		09A54AF52AB56D5E003331D4 /* DocumentsViewController.swift in Sources */ = {isa = PBXBuildFile; fileRef = 09A54AF42AB56D5D003331D4 /* DocumentsViewController.swift */; };
		09A54AF92AB58455003331D4 /* FileManagerService.swift in Sources */ = {isa = PBXBuildFile; fileRef = 09A54AF82AB58455003331D4 /* FileManagerService.swift */; };
		09A54AFB2AB5C271003331D4 /* FirstLevelFolderViewControllerViewController.swift in Sources */ = {isa = PBXBuildFile; fileRef = 09A54AFA2AB5C271003331D4 /* FirstLevelFolderViewControllerViewController.swift */; };
		09B345032AB95F0D006489F0 /* KeychainAccess in Frameworks */ = {isa = PBXBuildFile; productRef = 09B345022AB95F0D006489F0 /* KeychainAccess */; };
		09B345052AB96621006489F0 /* KeychainService.swift in Sources */ = {isa = PBXBuildFile; fileRef = 09B345042AB96621006489F0 /* KeychainService.swift */; };
		09BE386C2AB8669A00CFA647 /* AuthorizationTextField.swift in Sources */ = {isa = PBXBuildFile; fileRef = 09BE386B2AB8669A00CFA647 /* AuthorizationTextField.swift */; };
		09DE41DE2ABA107C004AB75B /* ChangePasswordViewController.swift in Sources */ = {isa = PBXBuildFile; fileRef = 09DE41DD2ABA107C004AB75B /* ChangePasswordViewController.swift */; };
		09F425512AB5578C00C294D9 /* AppDelegate.swift in Sources */ = {isa = PBXBuildFile; fileRef = 09F425502AB5578C00C294D9 /* AppDelegate.swift */; };
		09F425532AB5578C00C294D9 /* SceneDelegate.swift in Sources */ = {isa = PBXBuildFile; fileRef = 09F425522AB5578C00C294D9 /* SceneDelegate.swift */; };
		09F425582AB5578C00C294D9 /* Main.storyboard in Resources */ = {isa = PBXBuildFile; fileRef = 09F425562AB5578C00C294D9 /* Main.storyboard */; };
		09F4255A2AB5578D00C294D9 /* Assets.xcassets in Resources */ = {isa = PBXBuildFile; fileRef = 09F425592AB5578D00C294D9 /* Assets.xcassets */; };
		09F4255D2AB5578D00C294D9 /* LaunchScreen.storyboard in Resources */ = {isa = PBXBuildFile; fileRef = 09F4255B2AB5578D00C294D9 /* LaunchScreen.storyboard */; };
/* End PBXBuildFile section */

/* Begin PBXFileReference section */
		0911C28B2AB5C4C20031E9DF /* SecondLevelFolderViewController.swift */ = {isa = PBXFileReference; lastKnownFileType = sourcecode.swift; path = SecondLevelFolderViewController.swift; sourceTree = "<group>"; };
		091379A32AB9940800DAC266 /* SettingsViewController.swift */ = {isa = PBXFileReference; lastKnownFileType = sourcecode.swift; path = SettingsViewController.swift; sourceTree = "<group>"; };
		091379A52AB9967F00DAC266 /* Settings.swift */ = {isa = PBXFileReference; lastKnownFileType = sourcecode.swift; path = Settings.swift; sourceTree = "<group>"; };
		093375C22AB835D9001639F4 /* AuthorizationViewController.swift */ = {isa = PBXFileReference; lastKnownFileType = sourcecode.swift; path = AuthorizationViewController.swift; sourceTree = "<group>"; };
		09A54AF42AB56D5D003331D4 /* DocumentsViewController.swift */ = {isa = PBXFileReference; lastKnownFileType = sourcecode.swift; path = DocumentsViewController.swift; sourceTree = "<group>"; };
		09A54AF82AB58455003331D4 /* FileManagerService.swift */ = {isa = PBXFileReference; lastKnownFileType = sourcecode.swift; path = FileManagerService.swift; sourceTree = "<group>"; };
		09A54AFA2AB5C271003331D4 /* FirstLevelFolderViewControllerViewController.swift */ = {isa = PBXFileReference; lastKnownFileType = sourcecode.swift; path = FirstLevelFolderViewControllerViewController.swift; sourceTree = "<group>"; };
		09B345042AB96621006489F0 /* KeychainService.swift */ = {isa = PBXFileReference; lastKnownFileType = sourcecode.swift; path = KeychainService.swift; sourceTree = "<group>"; };
		09BE386B2AB8669A00CFA647 /* AuthorizationTextField.swift */ = {isa = PBXFileReference; lastKnownFileType = sourcecode.swift; path = AuthorizationTextField.swift; sourceTree = "<group>"; };
		09DE41DD2ABA107C004AB75B /* ChangePasswordViewController.swift */ = {isa = PBXFileReference; lastKnownFileType = sourcecode.swift; path = ChangePasswordViewController.swift; sourceTree = "<group>"; };
		09F4254D2AB5578C00C294D9 /* FileManager.app */ = {isa = PBXFileReference; explicitFileType = wrapper.application; includeInIndex = 0; path = FileManager.app; sourceTree = BUILT_PRODUCTS_DIR; };
		09F425502AB5578C00C294D9 /* AppDelegate.swift */ = {isa = PBXFileReference; lastKnownFileType = sourcecode.swift; path = AppDelegate.swift; sourceTree = "<group>"; };
		09F425522AB5578C00C294D9 /* SceneDelegate.swift */ = {isa = PBXFileReference; lastKnownFileType = sourcecode.swift; path = SceneDelegate.swift; sourceTree = "<group>"; };
		09F425572AB5578C00C294D9 /* Base */ = {isa = PBXFileReference; lastKnownFileType = file.storyboard; name = Base; path = Base.lproj/Main.storyboard; sourceTree = "<group>"; };
		09F425592AB5578D00C294D9 /* Assets.xcassets */ = {isa = PBXFileReference; lastKnownFileType = folder.assetcatalog; path = Assets.xcassets; sourceTree = "<group>"; };
		09F4255C2AB5578D00C294D9 /* Base */ = {isa = PBXFileReference; lastKnownFileType = file.storyboard; name = Base; path = Base.lproj/LaunchScreen.storyboard; sourceTree = "<group>"; };
		09F4255E2AB5578D00C294D9 /* Info.plist */ = {isa = PBXFileReference; lastKnownFileType = text.plist.xml; path = Info.plist; sourceTree = "<group>"; };
/* End PBXFileReference section */

/* Begin PBXFrameworksBuildPhase section */
		09F4254A2AB5578C00C294D9 /* Frameworks */ = {
			isa = PBXFrameworksBuildPhase;
			buildActionMask = 2147483647;
			files = (
				09B345032AB95F0D006489F0 /* KeychainAccess in Frameworks */,
			);
			runOnlyForDeploymentPostprocessing = 0;
		};
/* End PBXFrameworksBuildPhase section */

/* Begin PBXGroup section */
		0911C28D2AB6E15B0031E9DF /* FileManager */ = {
			isa = PBXGroup;
			children = (
				09A54AF82AB58455003331D4 /* FileManagerService.swift */,
				09A54AF42AB56D5D003331D4 /* DocumentsViewController.swift */,
				09A54AFA2AB5C271003331D4 /* FirstLevelFolderViewControllerViewController.swift */,
				0911C28B2AB5C4C20031E9DF /* SecondLevelFolderViewController.swift */,
			);
			path = FileManager;
			sourceTree = "<group>";
		};
		091379A22AB993E800DAC266 /* Settings */ = {
			isa = PBXGroup;
			children = (
				091379A32AB9940800DAC266 /* SettingsViewController.swift */,
				091379A52AB9967F00DAC266 /* Settings.swift */,
				09DE41DD2ABA107C004AB75B /* ChangePasswordViewController.swift */,
			);
			path = Settings;
			sourceTree = "<group>";
		};
		093375C12AB835A5001639F4 /* AuthorizationViewController */ = {
			isa = PBXGroup;
			children = (
				093375C22AB835D9001639F4 /* AuthorizationViewController.swift */,
				09BE386B2AB8669A00CFA647 /* AuthorizationTextField.swift */,
				09B345042AB96621006489F0 /* KeychainService.swift */,
			);
			path = AuthorizationViewController;
			sourceTree = "<group>";
		};
		09F425442AB5578C00C294D9 = {
			isa = PBXGroup;
			children = (
				09F4254F2AB5578C00C294D9 /* FileManager */,
				09F4254E2AB5578C00C294D9 /* Products */,
			);
			sourceTree = "<group>";
		};
		09F4254E2AB5578C00C294D9 /* Products */ = {
			isa = PBXGroup;
			children = (
				09F4254D2AB5578C00C294D9 /* FileManager.app */,
			);
			name = Products;
			sourceTree = "<group>";
		};
		09F4254F2AB5578C00C294D9 /* FileManager */ = {
			isa = PBXGroup;
			children = (
				091379A22AB993E800DAC266 /* Settings */,
				093375C12AB835A5001639F4 /* AuthorizationViewController */,
				0911C28D2AB6E15B0031E9DF /* FileManager */,
				09F425502AB5578C00C294D9 /* AppDelegate.swift */,
				09F425522AB5578C00C294D9 /* SceneDelegate.swift */,
				09F425562AB5578C00C294D9 /* Main.storyboard */,
				09F425592AB5578D00C294D9 /* Assets.xcassets */,
				09F4255B2AB5578D00C294D9 /* LaunchScreen.storyboard */,
				09F4255E2AB5578D00C294D9 /* Info.plist */,
			);
			path = FileManager;
			sourceTree = "<group>";
		};
/* End PBXGroup section */

/* Begin PBXNativeTarget section */
		09F4254C2AB5578C00C294D9 /* FileManager */ = {
			isa = PBXNativeTarget;
			buildConfigurationList = 09F425612AB5578D00C294D9 /* Build configuration list for PBXNativeTarget "FileManager" */;
			buildPhases = (
				09F425492AB5578C00C294D9 /* Sources */,
				09F4254A2AB5578C00C294D9 /* Frameworks */,
				09F4254B2AB5578C00C294D9 /* Resources */,
			);
			buildRules = (
			);
			dependencies = (
			);
			name = FileManager;
			packageProductDependencies = (
				09B345022AB95F0D006489F0 /* KeychainAccess */,
			);
			productName = FileManager;
			productReference = 09F4254D2AB5578C00C294D9 /* FileManager.app */;
			productType = "com.apple.product-type.application";
		};
/* End PBXNativeTarget section */

/* Begin PBXProject section */
		09F425452AB5578C00C294D9 /* Project object */ = {
			isa = PBXProject;
			attributes = {
				BuildIndependentTargetsInParallel = 1;
				LastSwiftUpdateCheck = 1430;
				LastUpgradeCheck = 1430;
				TargetAttributes = {
					09F4254C2AB5578C00C294D9 = {
						CreatedOnToolsVersion = 14.3.1;
					};
				};
			};
			buildConfigurationList = 09F425482AB5578C00C294D9 /* Build configuration list for PBXProject "FileManager" */;
			compatibilityVersion = "Xcode 14.0";
			developmentRegion = en;
			hasScannedForEncodings = 0;
			knownRegions = (
				en,
				Base,
			);
			mainGroup = 09F425442AB5578C00C294D9;
			packageReferences = (
				09B345012AB95F0D006489F0 /* XCRemoteSwiftPackageReference "KeychainAccess" */,
			);
			productRefGroup = 09F4254E2AB5578C00C294D9 /* Products */;
			projectDirPath = "";
			projectRoot = "";
			targets = (
				09F4254C2AB5578C00C294D9 /* FileManager */,
			);
		};
/* End PBXProject section */

/* Begin PBXResourcesBuildPhase section */
		09F4254B2AB5578C00C294D9 /* Resources */ = {
			isa = PBXResourcesBuildPhase;
			buildActionMask = 2147483647;
			files = (
				09F4255D2AB5578D00C294D9 /* LaunchScreen.storyboard in Resources */,
				09F4255A2AB5578D00C294D9 /* Assets.xcassets in Resources */,
				09F425582AB5578C00C294D9 /* Main.storyboard in Resources */,
			);
			runOnlyForDeploymentPostprocessing = 0;
		};
/* End PBXResourcesBuildPhase section */

/* Begin PBXSourcesBuildPhase section */
		09F425492AB5578C00C294D9 /* Sources */ = {
			isa = PBXSourcesBuildPhase;
			buildActionMask = 2147483647;
			files = (
				093375C32AB835D9001639F4 /* AuthorizationViewController.swift in Sources */,
				09A54AF52AB56D5E003331D4 /* DocumentsViewController.swift in Sources */,
				09A54AF92AB58455003331D4 /* FileManagerService.swift in Sources */,
				091379A42AB9940800DAC266 /* SettingsViewController.swift in Sources */,
				09F425512AB5578C00C294D9 /* AppDelegate.swift in Sources */,
				09BE386C2AB8669A00CFA647 /* AuthorizationTextField.swift in Sources */,
				09B345052AB96621006489F0 /* KeychainService.swift in Sources */,
				0911C28C2AB5C4C20031E9DF /* SecondLevelFolderViewController.swift in Sources */,
				09F425532AB5578C00C294D9 /* SceneDelegate.swift in Sources */,
				09DE41DE2ABA107C004AB75B /* ChangePasswordViewController.swift in Sources */,
				091379A62AB9967F00DAC266 /* Settings.swift in Sources */,
				09A54AFB2AB5C271003331D4 /* FirstLevelFolderViewControllerViewController.swift in Sources */,
			);
			runOnlyForDeploymentPostprocessing = 0;
		};
/* End PBXSourcesBuildPhase section */

/* Begin PBXVariantGroup section */
		09F425562AB5578C00C294D9 /* Main.storyboard */ = {
			isa = PBXVariantGroup;
			children = (
				09F425572AB5578C00C294D9 /* Base */,
			);
			name = Main.storyboard;
			sourceTree = "<group>";
		};
		09F4255B2AB5578D00C294D9 /* LaunchScreen.storyboard */ = {
			isa = PBXVariantGroup;
			children = (
				09F4255C2AB5578D00C294D9 /* Base */,
			);
			name = LaunchScreen.storyboard;
			sourceTree = "<group>";
		};
/* End PBXVariantGroup section */

/* Begin XCBuildConfiguration section */
		09F4255F2AB5578D00C294D9 /* Debug */ = {
			isa = XCBuildConfiguration;
			buildSettings = {
				ALWAYS_SEARCH_USER_PATHS = NO;
				CLANG_ANALYZER_NONNULL = YES;
				CLANG_ANALYZER_NUMBER_OBJECT_CONVERSION = YES_AGGRESSIVE;
				CLANG_CXX_LANGUAGE_STANDARD = "gnu++20";
				CLANG_ENABLE_MODULES = YES;
				CLANG_ENABLE_OBJC_ARC = YES;
				CLANG_ENABLE_OBJC_WEAK = YES;
				CLANG_WARN_BLOCK_CAPTURE_AUTORELEASING = YES;
				CLANG_WARN_BOOL_CONVERSION = YES;
				CLANG_WARN_COMMA = YES;
				CLANG_WARN_CONSTANT_CONVERSION = YES;
				CLANG_WARN_DEPRECATED_OBJC_IMPLEMENTATIONS = YES;
				CLANG_WARN_DIRECT_OBJC_ISA_USAGE = YES_ERROR;
				CLANG_WARN_DOCUMENTATION_COMMENTS = YES;
				CLANG_WARN_EMPTY_BODY = YES;
				CLANG_WARN_ENUM_CONVERSION = YES;
				CLANG_WARN_INFINITE_RECURSION = YES;
				CLANG_WARN_INT_CONVERSION = YES;
				CLANG_WARN_NON_LITERAL_NULL_CONVERSION = YES;
				CLANG_WARN_OBJC_IMPLICIT_RETAIN_SELF = YES;
				CLANG_WARN_OBJC_LITERAL_CONVERSION = YES;
				CLANG_WARN_OBJC_ROOT_CLASS = YES_ERROR;
				CLANG_WARN_QUOTED_INCLUDE_IN_FRAMEWORK_HEADER = YES;
				CLANG_WARN_RANGE_LOOP_ANALYSIS = YES;
				CLANG_WARN_STRICT_PROTOTYPES = YES;
				CLANG_WARN_SUSPICIOUS_MOVE = YES;
				CLANG_WARN_UNGUARDED_AVAILABILITY = YES_AGGRESSIVE;
				CLANG_WARN_UNREACHABLE_CODE = YES;
				CLANG_WARN__DUPLICATE_METHOD_MATCH = YES;
				COPY_PHASE_STRIP = NO;
				DEBUG_INFORMATION_FORMAT = dwarf;
				ENABLE_STRICT_OBJC_MSGSEND = YES;
				ENABLE_TESTABILITY = YES;
				GCC_C_LANGUAGE_STANDARD = gnu11;
				GCC_DYNAMIC_NO_PIC = NO;
				GCC_NO_COMMON_BLOCKS = YES;
				GCC_OPTIMIZATION_LEVEL = 0;
				GCC_PREPROCESSOR_DEFINITIONS = (
					"DEBUG=1",
					"$(inherited)",
				);
				GCC_WARN_64_TO_32_BIT_CONVERSION = YES;
				GCC_WARN_ABOUT_RETURN_TYPE = YES_ERROR;
				GCC_WARN_UNDECLARED_SELECTOR = YES;
				GCC_WARN_UNINITIALIZED_AUTOS = YES_AGGRESSIVE;
				GCC_WARN_UNUSED_FUNCTION = YES;
				GCC_WARN_UNUSED_VARIABLE = YES;
				IPHONEOS_DEPLOYMENT_TARGET = 16.0;
				MTL_ENABLE_DEBUG_INFO = INCLUDE_SOURCE;
				MTL_FAST_MATH = YES;
				ONLY_ACTIVE_ARCH = YES;
				SDKROOT = iphoneos;
				SWIFT_ACTIVE_COMPILATION_CONDITIONS = DEBUG;
				SWIFT_OPTIMIZATION_LEVEL = "-Onone";
			};
			name = Debug;
		};
		09F425602AB5578D00C294D9 /* Release */ = {
			isa = XCBuildConfiguration;
			buildSettings = {
				ALWAYS_SEARCH_USER_PATHS = NO;
				CLANG_ANALYZER_NONNULL = YES;
				CLANG_ANALYZER_NUMBER_OBJECT_CONVERSION = YES_AGGRESSIVE;
				CLANG_CXX_LANGUAGE_STANDARD = "gnu++20";
				CLANG_ENABLE_MODULES = YES;
				CLANG_ENABLE_OBJC_ARC = YES;
				CLANG_ENABLE_OBJC_WEAK = YES;
				CLANG_WARN_BLOCK_CAPTURE_AUTORELEASING = YES;
				CLANG_WARN_BOOL_CONVERSION = YES;
				CLANG_WARN_COMMA = YES;
				CLANG_WARN_CONSTANT_CONVERSION = YES;
				CLANG_WARN_DEPRECATED_OBJC_IMPLEMENTATIONS = YES;
				CLANG_WARN_DIRECT_OBJC_ISA_USAGE = YES_ERROR;
				CLANG_WARN_DOCUMENTATION_COMMENTS = YES;
				CLANG_WARN_EMPTY_BODY = YES;
				CLANG_WARN_ENUM_CONVERSION = YES;
				CLANG_WARN_INFINITE_RECURSION = YES;
				CLANG_WARN_INT_CONVERSION = YES;
				CLANG_WARN_NON_LITERAL_NULL_CONVERSION = YES;
				CLANG_WARN_OBJC_IMPLICIT_RETAIN_SELF = YES;
				CLANG_WARN_OBJC_LITERAL_CONVERSION = YES;
				CLANG_WARN_OBJC_ROOT_CLASS = YES_ERROR;
				CLANG_WARN_QUOTED_INCLUDE_IN_FRAMEWORK_HEADER = YES;
				CLANG_WARN_RANGE_LOOP_ANALYSIS = YES;
				CLANG_WARN_STRICT_PROTOTYPES = YES;
				CLANG_WARN_SUSPICIOUS_MOVE = YES;
				CLANG_WARN_UNGUARDED_AVAILABILITY = YES_AGGRESSIVE;
				CLANG_WARN_UNREACHABLE_CODE = YES;
				CLANG_WARN__DUPLICATE_METHOD_MATCH = YES;
				COPY_PHASE_STRIP = NO;
				DEBUG_INFORMATION_FORMAT = "dwarf-with-dsym";
				ENABLE_NS_ASSERTIONS = NO;
				ENABLE_STRICT_OBJC_MSGSEND = YES;
				GCC_C_LANGUAGE_STANDARD = gnu11;
				GCC_NO_COMMON_BLOCKS = YES;
				GCC_WARN_64_TO_32_BIT_CONVERSION = YES;
				GCC_WARN_ABOUT_RETURN_TYPE = YES_ERROR;
				GCC_WARN_UNDECLARED_SELECTOR = YES;
				GCC_WARN_UNINITIALIZED_AUTOS = YES_AGGRESSIVE;
				GCC_WARN_UNUSED_FUNCTION = YES;
				GCC_WARN_UNUSED_VARIABLE = YES;
				IPHONEOS_DEPLOYMENT_TARGET = 16.0;
				MTL_ENABLE_DEBUG_INFO = NO;
				MTL_FAST_MATH = YES;
				SDKROOT = iphoneos;
				SWIFT_COMPILATION_MODE = wholemodule;
				SWIFT_OPTIMIZATION_LEVEL = "-O";
				VALIDATE_PRODUCT = YES;
			};
			name = Release;
		};
		09F425622AB5578D00C294D9 /* Debug */ = {
			isa = XCBuildConfiguration;
			buildSettings = {
				ASSETCATALOG_COMPILER_APPICON_NAME = AppIcon;
				ASSETCATALOG_COMPILER_GLOBAL_ACCENT_COLOR_NAME = AccentColor;
				CODE_SIGN_STYLE = Automatic;
				CURRENT_PROJECT_VERSION = 1;
				DEVELOPMENT_TEAM = F72FD6J9GL;
				GENERATE_INFOPLIST_FILE = YES;
				INFOPLIST_FILE = FileManager/Info.plist;
				INFOPLIST_KEY_UIApplicationSupportsIndirectInputEvents = YES;
				INFOPLIST_KEY_UILaunchStoryboardName = LaunchScreen;
				INFOPLIST_KEY_UIMainStoryboardFile = Main;
				INFOPLIST_KEY_UISupportedInterfaceOrientations_iPad = "UIInterfaceOrientationPortrait UIInterfaceOrientationPortraitUpsideDown UIInterfaceOrientationLandscapeLeft UIInterfaceOrientationLandscapeRight";
				INFOPLIST_KEY_UISupportedInterfaceOrientations_iPhone = "UIInterfaceOrientationPortrait UIInterfaceOrientationLandscapeLeft UIInterfaceOrientationLandscapeRight";
				IPHONEOS_DEPLOYMENT_TARGET = 16.0;
				LD_RUNPATH_SEARCH_PATHS = (
					"$(inherited)",
					"@executable_path/Frameworks",
				);
				MARKETING_VERSION = 1.0;
				PRODUCT_BUNDLE_IDENTIFIER = com.krostal.FileManager;
				PRODUCT_NAME = "$(TARGET_NAME)";
				SWIFT_EMIT_LOC_STRINGS = YES;
				SWIFT_VERSION = 5.0;
				TARGETED_DEVICE_FAMILY = "1,2";
			};
			name = Debug;
		};
		09F425632AB5578D00C294D9 /* Release */ = {
			isa = XCBuildConfiguration;
			buildSettings = {
				ASSETCATALOG_COMPILER_APPICON_NAME = AppIcon;
				ASSETCATALOG_COMPILER_GLOBAL_ACCENT_COLOR_NAME = AccentColor;
				CODE_SIGN_STYLE = Automatic;
				CURRENT_PROJECT_VERSION = 1;
				DEVELOPMENT_TEAM = F72FD6J9GL;
				GENERATE_INFOPLIST_FILE = YES;
				INFOPLIST_FILE = FileManager/Info.plist;
				INFOPLIST_KEY_UIApplicationSupportsIndirectInputEvents = YES;
				INFOPLIST_KEY_UILaunchStoryboardName = LaunchScreen;
				INFOPLIST_KEY_UIMainStoryboardFile = Main;
				INFOPLIST_KEY_UISupportedInterfaceOrientations_iPad = "UIInterfaceOrientationPortrait UIInterfaceOrientationPortraitUpsideDown UIInterfaceOrientationLandscapeLeft UIInterfaceOrientationLandscapeRight";
				INFOPLIST_KEY_UISupportedInterfaceOrientations_iPhone = "UIInterfaceOrientationPortrait UIInterfaceOrientationLandscapeLeft UIInterfaceOrientationLandscapeRight";
				IPHONEOS_DEPLOYMENT_TARGET = 16.0;
				LD_RUNPATH_SEARCH_PATHS = (
					"$(inherited)",
					"@executable_path/Frameworks",
				);
				MARKETING_VERSION = 1.0;
				PRODUCT_BUNDLE_IDENTIFIER = com.krostal.FileManager;
				PRODUCT_NAME = "$(TARGET_NAME)";
				SWIFT_EMIT_LOC_STRINGS = YES;
				SWIFT_VERSION = 5.0;
				TARGETED_DEVICE_FAMILY = "1,2";
			};
			name = Release;
		};
/* End XCBuildConfiguration section */

/* Begin XCConfigurationList section */
		09F425482AB5578C00C294D9 /* Build configuration list for PBXProject "FileManager" */ = {
			isa = XCConfigurationList;
			buildConfigurations = (
				09F4255F2AB5578D00C294D9 /* Debug */,
				09F425602AB5578D00C294D9 /* Release */,
			);
			defaultConfigurationIsVisible = 0;
			defaultConfigurationName = Release;
		};
		09F425612AB5578D00C294D9 /* Build configuration list for PBXNativeTarget "FileManager" */ = {
			isa = XCConfigurationList;
			buildConfigurations = (
				09F425622AB5578D00C294D9 /* Debug */,
				09F425632AB5578D00C294D9 /* Release */,
			);
			defaultConfigurationIsVisible = 0;
			defaultConfigurationName = Release;
		};
/* End XCConfigurationList section */

/* Begin XCRemoteSwiftPackageReference section */
		09B345012AB95F0D006489F0 /* XCRemoteSwiftPackageReference "KeychainAccess" */ = {
			isa = XCRemoteSwiftPackageReference;
			repositoryURL = "https://github.com/kishikawakatsumi/KeychainAccess";
			requirement = {
				branch = master;
				kind = branch;
			};
		};
/* End XCRemoteSwiftPackageReference section */

/* Begin XCSwiftPackageProductDependency section */
		09B345022AB95F0D006489F0 /* KeychainAccess */ = {
			isa = XCSwiftPackageProductDependency;
			package = 09B345012AB95F0D006489F0 /* XCRemoteSwiftPackageReference "KeychainAccess" */;
			productName = KeychainAccess;
		};
/* End XCSwiftPackageProductDependency section */
	};
	rootObject = 09F425452AB5578C00C294D9 /* Project object */;
}
